<?xml version="1.0" encoding="utf-8"?>
<Project ToolsVersion="4.0" xmlns="http://schemas.microsoft.com/developer/msbuild/2003">
  <ItemGroup>
    <Filter Include="Source Files">
      <UniqueIdentifier>{4FC737F1-C7A5-4376-A066-2A32D752A2FF}</UniqueIdentifier>
      <Extensions>cpp;c;cc;cxx;def;odl;idl;hpj;bat;asm;asmx</Extensions>
    </Filter>
    <Filter Include="Header Files">
      <UniqueIdentifier>{93995380-89BD-4b04-88EB-625FBE52EBFB}</UniqueIdentifier>
      <Extensions>h;hh;hpp;hxx;hm;inl;inc;xsd</Extensions>
    </Filter>
    <Filter Include="Resource Files">
      <UniqueIdentifier>{67DA6AB6-F800-4c08-8B7A-83BB121AAD01}</UniqueIdentifier>
      <Extensions>rc;ico;cur;bmp;dlg;rc2;rct;bin;rgs;gif;jpg;jpeg;jpe;resx;tiff;tif;png;wav;mfcribbon-ms</Extensions>
    </Filter>
  </ItemGroup>
  <ItemGroup>
    <None Include="Sketch1.ino" />
  </ItemGroup>
  <ItemGroup>
    <ClInclude Include="__vm\.Sketch1.vsarduino.h">
      <Filter>Header Files</Filter>
    </ClInclude>
    <ClInclude Include="..\PinballLib\LightsSequencer.h">
      <Filter>Source Files</Filter>
    </ClInclude>
    <ClInclude Include="..\PinballLib\Output.h">
      <Filter>Source Files</Filter>
    </ClInclude>
    <ClInclude Include="..\PinballLib\Pinball.h">
      <Filter>Source Files</Filter>
    </ClInclude>
    <ClInclude Include="..\PinballLib\PinballObject.h">
      <Filter>Source Files</Filter>
    </ClInclude>
    <ClInclude Include="..\PinballLib\PinballSerial.h">
      <Filter>Source Files</Filter>
    </ClInclude>
    <ClInclude Include="..\PinballLib\Player.h">
      <Filter>Source Files</Filter>
    </ClInclude>
    <ClInclude Include="..\PinballLib\Port.h">
      <Filter>Source Files</Filter>
    </ClInclude>
    <ClInclude Include="..\PinballLib\Score.h">
      <Filter>Source Files</Filter>
    </ClInclude>
    <ClInclude Include="..\PinballLib\Solenoid.h">
      <Filter>Source Files</Filter>
    </ClInclude>
    <ClInclude Include="..\PinballLib\Timer.h">
      <Filter>Source Files</Filter>
    </ClInclude>
    <ClInclude Include="..\PinballLib\Utils.h">
      <Filter>Source Files</Filter>
    </ClInclude>
    <ClInclude Include="..\PinballLib\BoardMaster.h">
      <Filter>Source Files</Filter>
    </ClInclude>
    <ClInclude Include="..\PinballLib\BoardSlave.h">
      <Filter>Source Files</Filter>
    </ClInclude>
    <ClInclude Include="..\PinballLib\IniFile.h">
      <Filter>Source Files</Filter>
    </ClInclude>
    <ClInclude Include="..\PinballLib\Input.h">
      <Filter>Source Files</Filter>
    </ClInclude>
    <ClInclude Include="..\PinballLib\Light.h">
      <Filter>Source Files</Filter>
    </ClInclude>
    <ClInclude Include="..\PinballLib\PinballSound.h">
      <Filter>Source Files</Filter>
    </ClInclude>
    <ClInclude Include="..\PinballLib\PinballDisplay.h">
      <Filter>Source Files</Filter>
    </ClInclude>
    <ClInclude Include="..\PinballLib\ht1632pinball.h">
      <Filter>Source Files</Filter>
    </ClInclude>
  </ItemGroup>
  <ItemGroup>
    <ClCompile Include="..\PinballLib\LightsSequencer.cpp">
      <Filter>Source Files</Filter>
    </ClCompile>
    <ClCompile Include="..\PinballLib\Output.cpp">
      <Filter>Source Files</Filter>
    </ClCompile>
    <ClCompile Include="..\PinballLib\Pinball.cpp">
      <Filter>Source Files</Filter>
    </ClCompile>
    <ClCompile Include="..\PinballLib\PinballObject.cpp">
      <Filter>Source Files</Filter>
    </ClCompile>
    <ClCompile Include="..\PinballLib\PinballSerial.cpp">
      <Filter>Source Files</Filter>
    </ClCompile>
    <ClCompile Include="..\PinballLib\Player.cpp">
      <Filter>Source Files</Filter>
    </ClCompile>
    <ClCompile Include="..\PinballLib\Port.cpp">
      <Filter>Source Files</Filter>
    </ClCompile>
    <ClCompile Include="..\PinballLib\Score.cpp">
      <Filter>Source Files</Filter>
    </ClCompile>
    <ClCompile Include="..\PinballLib\Solenoid.cpp">
      <Filter>Source Files</Filter>
    </ClCompile>
    <ClCompile Include="..\PinballLib\Timer.cpp">
      <Filter>Source Files</Filter>
    </ClCompile>
    <ClCompile Include="..\PinballLib\Utils.cpp">
      <Filter>Source Files</Filter>
    </ClCompile>
    <ClCompile Include="..\PinballLib\BoardMaster.cpp">
      <Filter>Source Files</Filter>
    </ClCompile>
    <ClCompile Include="..\PinballLib\BoardSlave.cpp">
      <Filter>Source Files</Filter>
    </ClCompile>
    <ClCompile Include="..\PinballLib\IniFile.cpp">
      <Filter>Source Files</Filter>
    </ClCompile>
    <ClCompile Include="..\PinballLib\Input.cpp">
      <Filter>Source Files</Filter>
    </ClCompile>
    <ClCompile Include="..\PinballLib\Light.cpp">
      <Filter>Source Files</Filter>
    </ClCompile>
    <ClCompile Include="..\PinballLib\PinballSound.cpp">
      <Filter>Source Files</Filter>
    </ClCompile>
    <ClCompile Include="..\PinballLib\PinballDisplay.cpp">
      <Filter>Source Files</Filter>
    </ClCompile>
  </ItemGroup>
</Project>